
Microsoft Visual Studio Solution File, Format Version 12.00
# Visual Studio 14
VisualStudioVersion = 14.0.25420.1
MinimumVisualStudioVersion = 10.0.40219.1
Project("{FAE04EC0-301F-11D3-BF4B-00C04F79EFBC}") = "WebAPI6", "WebAPI6\WebAPI6.csproj", "{AA2831E4-4692-4C8D-AF51-DFC1418DE6CA}"
EndProject
Global
	GlobalSection(SolutionConfigurationPlatforms) = preSolution
		Debug|Any CPU = Debug|Any CPU
		Release|Any CPU = Release|Any CPU
	EndGlobalSection
	GlobalSection(ProjectConfigurationPlatforms) = postSolution
		{AA2831E4-4692-4C8D-AF51-DFC1418DE6CA}.Debug|Any CPU.ActiveCfg = Debug|Any CPU
		{AA2831E4-4692-4C8D-AF51-DFC1418DE6CA}.Debug|Any CPU.Build.0 = Debug|Any CPU
		{AA2831E4-4692-4C8D-AF51-DFC1418DE6CA}.Release|Any CPU.ActiveCfg = Release|Any CPU
		{AA2831E4-4692-4C8D-AF51-DFC1418DE6CA}.Release|Any CPU.Build.0 = Release|Any CPU
	EndGlobalSection
	GlobalSection(SolutionProperties) = preSolution
		HideSolutionNode = FALSE
	EndGlobalSection
EndGlobal
